
Microsoft Visual Studio Solution File, Format Version 12.00
# Visual Studio Version 16
VisualStudioVersion = 16.0.31624.102
MinimumVisualStudioVersion = 10.0.40219.1
Project("{FAE04EC0-301F-11D3-BF4B-00C04F79EFBC}") = "4283Homeworkassignment2", "4283Homeworkassignment2\4283Homeworkassignment2.csproj", "{4EEA8175-8F73-4A40-9492-00FFD5A44D2A}"
EndProject
Global
	GlobalSection(SolutionConfigurationPlatforms) = preSolution
		Debug|Any CPU = Debug|Any CPU
		Release|Any CPU = Release|Any CPU
	EndGlobalSection
	GlobalSection(ProjectConfigurationPlatforms) = postSolution
		{4EEA8175-8F73-4A40-9492-00FFD5A44D2A}.Debug|Any CPU.ActiveCfg = Debug|Any CPU
		{4EEA8175-8F73-4A40-9492-00FFD5A44D2A}.Debug|Any CPU.Build.0 = Debug|Any CPU
		{4EEA8175-8F73-4A40-9492-00FFD5A44D2A}.Release|Any CPU.ActiveCfg = Release|Any CPU
		{4EEA8175-8F73-4A40-9492-00FFD5A44D2A}.Release|Any CPU.Build.0 = Release|Any CPU
	EndGlobalSection
	GlobalSection(SolutionProperties) = preSolution
		HideSolutionNode = FALSE
	EndGlobalSection
	GlobalSection(ExtensibilityGlobals) = postSolution
		SolutionGuid = {11636126-1215-4167-A095-28AA00725369}
	EndGlobalSection
EndGlobal
